
Microsoft Visual Studio Solution File, Format Version 12.00
# Visual Studio 2012
Project("{FAE04EC0-301F-11D3-BF4B-00C04F79EFBC}") = "ServerModule", "ServerModule\ServerModule.csproj", "{DE6544C9-2820-453D-B69E-FADBBD07C28A}"
EndProject
Project("{FAE04EC0-301F-11D3-BF4B-00C04F79EFBC}") = "GUIModule", "GUIModule\GUIModule.csproj", "{7AB8ED92-CCA8-4CF3-BF8C-E5C7E3169271}"
EndProject
Project("{FAE04EC0-301F-11D3-BF4B-00C04F79EFBC}") = "BotNModule", "BotNModule\BotNModule.csproj", "{48FE5459-8CF8-4B53-88EB-82D1DD177CB4}"
EndProject
Project("{FAE04EC0-301F-11D3-BF4B-00C04F79EFBC}") = "BotPokerModule", "BotPokerModule\BotPokerModule.csproj", "{31EA8C2C-1E6A-48F5-83F4-D21CA34C85EC}"
EndProject
Project("{FAE04EC0-301F-11D3-BF4B-00C04F79EFBC}") = "GameControllerNModule", "GameControllerNModule\GameControllerNModule.csproj", "{1712BACC-0692-4F9E-BFBD-4CF35EF8F4F0}"
EndProject
Project("{FAE04EC0-301F-11D3-BF4B-00C04F79EFBC}") = "GameControllerPokerModule", "GameControllerPokerModule\GameControllerPokerModule.csproj", "{97E046DC-FB1C-4E49-94DA-346D32CB071D}"
EndProject
Project("{FAE04EC0-301F-11D3-BF4B-00C04F79EFBC}") = "CommonInterfacesModule", "CommonInterfacesModule\CommonInterfacesModule.csproj", "{1181133F-5015-490E-9D3A-11C9B24906BE}"
EndProject
Global
	GlobalSection(SolutionConfigurationPlatforms) = preSolution
		Debug|Any CPU = Debug|Any CPU
		Release|Any CPU = Release|Any CPU
	EndGlobalSection
	GlobalSection(ProjectConfigurationPlatforms) = postSolution
		{DE6544C9-2820-453D-B69E-FADBBD07C28A}.Debug|Any CPU.ActiveCfg = Debug|Any CPU
		{DE6544C9-2820-453D-B69E-FADBBD07C28A}.Debug|Any CPU.Build.0 = Debug|Any CPU
		{DE6544C9-2820-453D-B69E-FADBBD07C28A}.Release|Any CPU.ActiveCfg = Release|Any CPU
		{DE6544C9-2820-453D-B69E-FADBBD07C28A}.Release|Any CPU.Build.0 = Release|Any CPU
		{7AB8ED92-CCA8-4CF3-BF8C-E5C7E3169271}.Debug|Any CPU.ActiveCfg = Debug|Any CPU
		{7AB8ED92-CCA8-4CF3-BF8C-E5C7E3169271}.Debug|Any CPU.Build.0 = Debug|Any CPU
		{7AB8ED92-CCA8-4CF3-BF8C-E5C7E3169271}.Release|Any CPU.ActiveCfg = Release|Any CPU
		{7AB8ED92-CCA8-4CF3-BF8C-E5C7E3169271}.Release|Any CPU.Build.0 = Release|Any CPU
		{48FE5459-8CF8-4B53-88EB-82D1DD177CB4}.Debug|Any CPU.ActiveCfg = Debug|Any CPU
		{48FE5459-8CF8-4B53-88EB-82D1DD177CB4}.Debug|Any CPU.Build.0 = Debug|Any CPU
		{48FE5459-8CF8-4B53-88EB-82D1DD177CB4}.Release|Any CPU.ActiveCfg = Release|Any CPU
		{48FE5459-8CF8-4B53-88EB-82D1DD177CB4}.Release|Any CPU.Build.0 = Release|Any CPU
		{31EA8C2C-1E6A-48F5-83F4-D21CA34C85EC}.Debug|Any CPU.ActiveCfg = Debug|Any CPU
		{31EA8C2C-1E6A-48F5-83F4-D21CA34C85EC}.Debug|Any CPU.Build.0 = Debug|Any CPU
		{31EA8C2C-1E6A-48F5-83F4-D21CA34C85EC}.Release|Any CPU.ActiveCfg = Release|Any CPU
		{31EA8C2C-1E6A-48F5-83F4-D21CA34C85EC}.Release|Any CPU.Build.0 = Release|Any CPU
		{1712BACC-0692-4F9E-BFBD-4CF35EF8F4F0}.Debug|Any CPU.ActiveCfg = Debug|Any CPU
		{1712BACC-0692-4F9E-BFBD-4CF35EF8F4F0}.Debug|Any CPU.Build.0 = Debug|Any CPU
		{1712BACC-0692-4F9E-BFBD-4CF35EF8F4F0}.Release|Any CPU.ActiveCfg = Release|Any CPU
		{1712BACC-0692-4F9E-BFBD-4CF35EF8F4F0}.Release|Any CPU.Build.0 = Release|Any CPU
		{97E046DC-FB1C-4E49-94DA-346D32CB071D}.Debug|Any CPU.ActiveCfg = Debug|Any CPU
		{97E046DC-FB1C-4E49-94DA-346D32CB071D}.Debug|Any CPU.Build.0 = Debug|Any CPU
		{97E046DC-FB1C-4E49-94DA-346D32CB071D}.Release|Any CPU.ActiveCfg = Release|Any CPU
		{97E046DC-FB1C-4E49-94DA-346D32CB071D}.Release|Any CPU.Build.0 = Release|Any CPU
		{1181133F-5015-490E-9D3A-11C9B24906BE}.Debug|Any CPU.ActiveCfg = Debug|Any CPU
		{1181133F-5015-490E-9D3A-11C9B24906BE}.Debug|Any CPU.Build.0 = Debug|Any CPU
		{1181133F-5015-490E-9D3A-11C9B24906BE}.Release|Any CPU.ActiveCfg = Release|Any CPU
		{1181133F-5015-490E-9D3A-11C9B24906BE}.Release|Any CPU.Build.0 = Release|Any CPU
	EndGlobalSection
	GlobalSection(SolutionProperties) = preSolution
		HideSolutionNode = FALSE
	EndGlobalSection
EndGlobal
